
Microsoft Visual Studio Solution File, Format Version 12.00
# Visual Studio Version 17
VisualStudioVersion = 17.7.34202.233
MinimumVisualStudioVersion = 10.0.40219.1
Project("{FAE04EC0-301F-11D3-BF4B-00C04F79EFBC}") = "Calculator_Winform_App", "Calculator_Winform_App\Calculator_Winform_App.csproj", "{10BD156C-59C6-48F1-A104-7A28CB330ECD}"
EndProject
Global
	GlobalSection(SolutionConfigurationPlatforms) = preSolution
		Debug|Any CPU = Debug|Any CPU
		Release|Any CPU = Release|Any CPU
	EndGlobalSection
	GlobalSection(ProjectConfigurationPlatforms) = postSolution
		{10BD156C-59C6-48F1-A104-7A28CB330ECD}.Debug|Any CPU.ActiveCfg = Debug|Any CPU
		{10BD156C-59C6-48F1-A104-7A28CB330ECD}.Debug|Any CPU.Build.0 = Debug|Any CPU
		{10BD156C-59C6-48F1-A104-7A28CB330ECD}.Release|Any CPU.ActiveCfg = Release|Any CPU
		{10BD156C-59C6-48F1-A104-7A28CB330ECD}.Release|Any CPU.Build.0 = Release|Any CPU
	EndGlobalSection
	GlobalSection(SolutionProperties) = preSolution
		HideSolutionNode = FALSE
	EndGlobalSection
	GlobalSection(ExtensibilityGlobals) = postSolution
		SolutionGuid = {8BF14779-4A03-4BBA-B677-38D94A5051D6}
	EndGlobalSection
EndGlobal
