
Microsoft Visual Studio Solution File, Format Version 12.00
# Visual Studio Version 17
VisualStudioVersion = 17.7.34202.233
MinimumVisualStudioVersion = 10.0.40219.1
Project("{9A19103F-16F7-4668-BE54-9A1E7A4F7556}") = "BlazorDapperSPA", "BlazorDapperSPA\BlazorDapperSPA.csproj", "{42FBBE0C-8C91-4F49-BF23-FFF31AF5ADDB}"
EndProject
Global
	GlobalSection(SolutionConfigurationPlatforms) = preSolution
		Debug|Any CPU = Debug|Any CPU
		Release|Any CPU = Release|Any CPU
	EndGlobalSection
	GlobalSection(ProjectConfigurationPlatforms) = postSolution
		{42FBBE0C-8C91-4F49-BF23-FFF31AF5ADDB}.Debug|Any CPU.ActiveCfg = Debug|Any CPU
		{42FBBE0C-8C91-4F49-BF23-FFF31AF5ADDB}.Debug|Any CPU.Build.0 = Debug|Any CPU
		{42FBBE0C-8C91-4F49-BF23-FFF31AF5ADDB}.Release|Any CPU.ActiveCfg = Release|Any CPU
		{42FBBE0C-8C91-4F49-BF23-FFF31AF5ADDB}.Release|Any CPU.Build.0 = Release|Any CPU
	EndGlobalSection
	GlobalSection(SolutionProperties) = preSolution
		HideSolutionNode = FALSE
	EndGlobalSection
	GlobalSection(ExtensibilityGlobals) = postSolution
		SolutionGuid = {AF2A1937-11BF-43E7-AA07-83DBEFDED843}
	EndGlobalSection
EndGlobal
