
Microsoft Visual Studio Solution File, Format Version 12.00
# Visual Studio Version 17
VisualStudioVersion = 17.7.34202.233
MinimumVisualStudioVersion = 10.0.40219.1
Project("{FAE04EC0-301F-11D3-BF4B-00C04F79EFBC}") = "DapperMVCDemo", "DapperMVCDemo\DapperMVCDemo.csproj", "{EE45DA4E-A71B-41F7-8702-8D64BDCB03ED}"
EndProject
Project("{FAE04EC0-301F-11D3-BF4B-00C04F79EFBC}") = "DapperMVC.Data", "DapperMVC.Data\DapperMVC.Data.csproj", "{C6D552B0-54B1-4D1B-88F7-F81022046921}"
EndProject
Global
	GlobalSection(SolutionConfigurationPlatforms) = preSolution
		Debug|Any CPU = Debug|Any CPU
		Release|Any CPU = Release|Any CPU
	EndGlobalSection
	GlobalSection(ProjectConfigurationPlatforms) = postSolution
		{EE45DA4E-A71B-41F7-8702-8D64BDCB03ED}.Debug|Any CPU.ActiveCfg = Debug|Any CPU
		{EE45DA4E-A71B-41F7-8702-8D64BDCB03ED}.Debug|Any CPU.Build.0 = Debug|Any CPU
		{EE45DA4E-A71B-41F7-8702-8D64BDCB03ED}.Release|Any CPU.ActiveCfg = Release|Any CPU
		{EE45DA4E-A71B-41F7-8702-8D64BDCB03ED}.Release|Any CPU.Build.0 = Release|Any CPU
		{C6D552B0-54B1-4D1B-88F7-F81022046921}.Debug|Any CPU.ActiveCfg = Debug|Any CPU
		{C6D552B0-54B1-4D1B-88F7-F81022046921}.Debug|Any CPU.Build.0 = Debug|Any CPU
		{C6D552B0-54B1-4D1B-88F7-F81022046921}.Release|Any CPU.ActiveCfg = Release|Any CPU
		{C6D552B0-54B1-4D1B-88F7-F81022046921}.Release|Any CPU.Build.0 = Release|Any CPU
	EndGlobalSection
	GlobalSection(SolutionProperties) = preSolution
		HideSolutionNode = FALSE
	EndGlobalSection
	GlobalSection(ExtensibilityGlobals) = postSolution
		SolutionGuid = {9BC8913D-C914-4D38-A1F4-593D1F5F4B82}
	EndGlobalSection
EndGlobal
